
Microsoft Visual Studio Solution File, Format Version 12.00
# Visual Studio Version 17
VisualStudioVersion = 17.3.32922.545
MinimumVisualStudioVersion = 10.0.40219.1
Project("{FAE04EC0-301F-11D3-BF4B-00C04F79EFBC}") = "Trattori", "Trattori\Trattori.csproj", "{70925D0A-D499-4A73-B27C-A1B712A99C89}"
EndProject
Global
	GlobalSection(SolutionConfigurationPlatforms) = preSolution
		Debug|Any CPU = Debug|Any CPU
		Release|Any CPU = Release|Any CPU
	EndGlobalSection
	GlobalSection(ProjectConfigurationPlatforms) = postSolution
		{70925D0A-D499-4A73-B27C-A1B712A99C89}.Debug|Any CPU.ActiveCfg = Debug|Any CPU
		{70925D0A-D499-4A73-B27C-A1B712A99C89}.Debug|Any CPU.Build.0 = Debug|Any CPU
		{70925D0A-D499-4A73-B27C-A1B712A99C89}.Release|Any CPU.ActiveCfg = Release|Any CPU
		{70925D0A-D499-4A73-B27C-A1B712A99C89}.Release|Any CPU.Build.0 = Release|Any CPU
	EndGlobalSection
	GlobalSection(SolutionProperties) = preSolution
		HideSolutionNode = FALSE
	EndGlobalSection
	GlobalSection(ExtensibilityGlobals) = postSolution
		SolutionGuid = {25021C08-014E-4F19-99A9-FADCCA19A1D2}
	EndGlobalSection
EndGlobal
